
Microsoft Visual Studio Solution File, Format Version 12.00
# Visual Studio Version 17
VisualStudioVersion = 17.14.36310.24 d17.14
MinimumVisualStudioVersion = 10.0.40219.1
Project("{8BC9CEB8-8B4A-11D0-8D11-00A0C91BC942}") = "Recursion", "Recursion\Recursion.vcxproj", "{5F836726-29B8-4F5E-A66B-B807F62F4E8F}"
EndProject
Global
	GlobalSection(SolutionConfigurationPlatforms) = preSolution
		Debug|x64 = Debug|x64
		Debug|x86 = Debug|x86
		Release|x64 = Release|x64
		Release|x86 = Release|x86
	EndGlobalSection
	GlobalSection(ProjectConfigurationPlatforms) = postSolution
		{5F836726-29B8-4F5E-A66B-B807F62F4E8F}.Debug|x64.ActiveCfg = Debug|x64
		{5F836726-29B8-4F5E-A66B-B807F62F4E8F}.Debug|x64.Build.0 = Debug|x64
		{5F836726-29B8-4F5E-A66B-B807F62F4E8F}.Debug|x86.ActiveCfg = Debug|Win32
		{5F836726-29B8-4F5E-A66B-B807F62F4E8F}.Debug|x86.Build.0 = Debug|Win32
		{5F836726-29B8-4F5E-A66B-B807F62F4E8F}.Release|x64.ActiveCfg = Release|x64
		{5F836726-29B8-4F5E-A66B-B807F62F4E8F}.Release|x64.Build.0 = Release|x64
		{5F836726-29B8-4F5E-A66B-B807F62F4E8F}.Release|x86.ActiveCfg = Release|Win32
		{5F836726-29B8-4F5E-A66B-B807F62F4E8F}.Release|x86.Build.0 = Release|Win32
	EndGlobalSection
	GlobalSection(SolutionProperties) = preSolution
		HideSolutionNode = FALSE
	EndGlobalSection
	GlobalSection(ExtensibilityGlobals) = postSolution
		SolutionGuid = {1D7161C4-0A6C-44CD-B4D0-B9F774681C0A}
	EndGlobalSection
EndGlobal
