
Microsoft Visual Studio Solution File, Format Version 12.00
# Visual Studio Version 17
VisualStudioVersion = 17.14.36310.24 d17.14
MinimumVisualStudioVersion = 10.0.40219.1
Project("{8BC9CEB8-8B4A-11D0-8D11-00A0C91BC942}") = "DAT_Hash", "DAT_Hash\DAT_Hash.vcxproj", "{49CEA7AC-6B8C-412B-A389-980794A852C9}"
EndProject
Project("{8BC9CEB8-8B4A-11D0-8D11-00A0C91BC942}") = "DFS", "DFS\DFS.vcxproj", "{27362322-BFB7-4106-937A-5B8236F89D81}"
EndProject
Project("{8BC9CEB8-8B4A-11D0-8D11-00A0C91BC942}") = "BFS", "BFS\BFS.vcxproj", "{A74123F2-9943-4E07-A695-9B4C9E7D8934}"
EndProject
Project("{8BC9CEB8-8B4A-11D0-8D11-00A0C91BC942}") = "BinarySearch", "BinarySearch\BinarySearch.vcxproj", "{EFD8BEEF-B453-4855-94CF-EE560CA1F866}"
EndProject
Project("{8BC9CEB8-8B4A-11D0-8D11-00A0C91BC942}") = "MST_Kruskal", "MST_Kruskal\MST_Kruskal.vcxproj", "{C255A0D9-E882-43EC-B3D6-A04CD9678AF3}"
EndProject
Project("{8BC9CEB8-8B4A-11D0-8D11-00A0C91BC942}") = "Bruteforce", "Bruteforce\Bruteforce.vcxproj", "{B548FD53-8CCF-4FCB-A9B2-1B9AD3B1F6BB}"
EndProject
Project("{8BC9CEB8-8B4A-11D0-8D11-00A0C91BC942}") = "BackTracking", "BackTracking\BackTracking.vcxproj", "{26D9F46B-C973-48C4-AF94-95CE0D6959B8}"
EndProject
Project("{8BC9CEB8-8B4A-11D0-8D11-00A0C91BC942}") = "FloodFill", "FloodFill\FloodFill.vcxproj", "{CC2E372F-B0A6-46A4-9A93-EA65C62F0FBE}"
EndProject
Project("{8BC9CEB8-8B4A-11D0-8D11-00A0C91BC942}") = "DynamicProgramming", "DynamicProgramming\DynamicProgramming.vcxproj", "{C8C6D82B-9F60-45E1-A7B8-526298A0D582}"
EndProject
Project("{8BC9CEB8-8B4A-11D0-8D11-00A0C91BC942}") = "QuickSort", "QuickSort\QuickSort.vcxproj", "{472F07E5-93E4-426B-8464-B983F3FDBB1E}"
EndProject
Project("{8BC9CEB8-8B4A-11D0-8D11-00A0C91BC942}") = "Dijkstra", "Dijkstra\Dijkstra.vcxproj", "{63620503-A8B3-42D4-962F-FBA1C99178E1}"
EndProject
Global
	GlobalSection(SolutionConfigurationPlatforms) = preSolution
		Debug|x64 = Debug|x64
		Debug|x86 = Debug|x86
		Release|x64 = Release|x64
		Release|x86 = Release|x86
	EndGlobalSection
	GlobalSection(ProjectConfigurationPlatforms) = postSolution
		{49CEA7AC-6B8C-412B-A389-980794A852C9}.Debug|x64.ActiveCfg = Debug|x64
		{49CEA7AC-6B8C-412B-A389-980794A852C9}.Debug|x64.Build.0 = Debug|x64
		{49CEA7AC-6B8C-412B-A389-980794A852C9}.Debug|x86.ActiveCfg = Debug|Win32
		{49CEA7AC-6B8C-412B-A389-980794A852C9}.Debug|x86.Build.0 = Debug|Win32
		{49CEA7AC-6B8C-412B-A389-980794A852C9}.Release|x64.ActiveCfg = Release|x64
		{49CEA7AC-6B8C-412B-A389-980794A852C9}.Release|x64.Build.0 = Release|x64
		{49CEA7AC-6B8C-412B-A389-980794A852C9}.Release|x86.ActiveCfg = Release|Win32
		{49CEA7AC-6B8C-412B-A389-980794A852C9}.Release|x86.Build.0 = Release|Win32
		{27362322-BFB7-4106-937A-5B8236F89D81}.Debug|x64.ActiveCfg = Debug|x64
		{27362322-BFB7-4106-937A-5B8236F89D81}.Debug|x64.Build.0 = Debug|x64
		{27362322-BFB7-4106-937A-5B8236F89D81}.Debug|x86.ActiveCfg = Debug|Win32
		{27362322-BFB7-4106-937A-5B8236F89D81}.Debug|x86.Build.0 = Debug|Win32
		{27362322-BFB7-4106-937A-5B8236F89D81}.Release|x64.ActiveCfg = Release|x64
		{27362322-BFB7-4106-937A-5B8236F89D81}.Release|x64.Build.0 = Release|x64
		{27362322-BFB7-4106-937A-5B8236F89D81}.Release|x86.ActiveCfg = Release|Win32
		{27362322-BFB7-4106-937A-5B8236F89D81}.Release|x86.Build.0 = Release|Win32
		{A74123F2-9943-4E07-A695-9B4C9E7D8934}.Debug|x64.ActiveCfg = Debug|x64
		{A74123F2-9943-4E07-A695-9B4C9E7D8934}.Debug|x64.Build.0 = Debug|x64
		{A74123F2-9943-4E07-A695-9B4C9E7D8934}.Debug|x86.ActiveCfg = Debug|Win32
		{A74123F2-9943-4E07-A695-9B4C9E7D8934}.Debug|x86.Build.0 = Debug|Win32
		{A74123F2-9943-4E07-A695-9B4C9E7D8934}.Release|x64.ActiveCfg = Release|x64
		{A74123F2-9943-4E07-A695-9B4C9E7D8934}.Release|x64.Build.0 = Release|x64
		{A74123F2-9943-4E07-A695-9B4C9E7D8934}.Release|x86.ActiveCfg = Release|Win32
		{A74123F2-9943-4E07-A695-9B4C9E7D8934}.Release|x86.Build.0 = Release|Win32
		{EFD8BEEF-B453-4855-94CF-EE560CA1F866}.Debug|x64.ActiveCfg = Debug|x64
		{EFD8BEEF-B453-4855-94CF-EE560CA1F866}.Debug|x64.Build.0 = Debug|x64
		{EFD8BEEF-B453-4855-94CF-EE560CA1F866}.Debug|x86.ActiveCfg = Debug|Win32
		{EFD8BEEF-B453-4855-94CF-EE560CA1F866}.Debug|x86.Build.0 = Debug|Win32
		{EFD8BEEF-B453-4855-94CF-EE560CA1F866}.Release|x64.ActiveCfg = Release|x64
		{EFD8BEEF-B453-4855-94CF-EE560CA1F866}.Release|x64.Build.0 = Release|x64
		{EFD8BEEF-B453-4855-94CF-EE560CA1F866}.Release|x86.ActiveCfg = Release|Win32
		{EFD8BEEF-B453-4855-94CF-EE560CA1F866}.Release|x86.Build.0 = Release|Win32
		{C255A0D9-E882-43EC-B3D6-A04CD9678AF3}.Debug|x64.ActiveCfg = Debug|x64
		{C255A0D9-E882-43EC-B3D6-A04CD9678AF3}.Debug|x64.Build.0 = Debug|x64
		{C255A0D9-E882-43EC-B3D6-A04CD9678AF3}.Debug|x86.ActiveCfg = Debug|Win32
		{C255A0D9-E882-43EC-B3D6-A04CD9678AF3}.Debug|x86.Build.0 = Debug|Win32
		{C255A0D9-E882-43EC-B3D6-A04CD9678AF3}.Release|x64.ActiveCfg = Release|x64
		{C255A0D9-E882-43EC-B3D6-A04CD9678AF3}.Release|x64.Build.0 = Release|x64
		{C255A0D9-E882-43EC-B3D6-A04CD9678AF3}.Release|x86.ActiveCfg = Release|Win32
		{C255A0D9-E882-43EC-B3D6-A04CD9678AF3}.Release|x86.Build.0 = Release|Win32
		{B548FD53-8CCF-4FCB-A9B2-1B9AD3B1F6BB}.Debug|x64.ActiveCfg = Debug|x64
		{B548FD53-8CCF-4FCB-A9B2-1B9AD3B1F6BB}.Debug|x64.Build.0 = Debug|x64
		{B548FD53-8CCF-4FCB-A9B2-1B9AD3B1F6BB}.Debug|x86.ActiveCfg = Debug|Win32
		{B548FD53-8CCF-4FCB-A9B2-1B9AD3B1F6BB}.Debug|x86.Build.0 = Debug|Win32
		{B548FD53-8CCF-4FCB-A9B2-1B9AD3B1F6BB}.Release|x64.ActiveCfg = Release|x64
		{B548FD53-8CCF-4FCB-A9B2-1B9AD3B1F6BB}.Release|x64.Build.0 = Release|x64
		{B548FD53-8CCF-4FCB-A9B2-1B9AD3B1F6BB}.Release|x86.ActiveCfg = Release|Win32
		{B548FD53-8CCF-4FCB-A9B2-1B9AD3B1F6BB}.Release|x86.Build.0 = Release|Win32
		{26D9F46B-C973-48C4-AF94-95CE0D6959B8}.Debug|x64.ActiveCfg = Debug|x64
		{26D9F46B-C973-48C4-AF94-95CE0D6959B8}.Debug|x64.Build.0 = Debug|x64
		{26D9F46B-C973-48C4-AF94-95CE0D6959B8}.Debug|x86.ActiveCfg = Debug|Win32
		{26D9F46B-C973-48C4-AF94-95CE0D6959B8}.Debug|x86.Build.0 = Debug|Win32
		{26D9F46B-C973-48C4-AF94-95CE0D6959B8}.Release|x64.ActiveCfg = Release|x64
		{26D9F46B-C973-48C4-AF94-95CE0D6959B8}.Release|x64.Build.0 = Release|x64
		{26D9F46B-C973-48C4-AF94-95CE0D6959B8}.Release|x86.ActiveCfg = Release|Win32
		{26D9F46B-C973-48C4-AF94-95CE0D6959B8}.Release|x86.Build.0 = Release|Win32
		{CC2E372F-B0A6-46A4-9A93-EA65C62F0FBE}.Debug|x64.ActiveCfg = Debug|x64
		{CC2E372F-B0A6-46A4-9A93-EA65C62F0FBE}.Debug|x64.Build.0 = Debug|x64
		{CC2E372F-B0A6-46A4-9A93-EA65C62F0FBE}.Debug|x86.ActiveCfg = Debug|Win32
		{CC2E372F-B0A6-46A4-9A93-EA65C62F0FBE}.Debug|x86.Build.0 = Debug|Win32
		{CC2E372F-B0A6-46A4-9A93-EA65C62F0FBE}.Release|x64.ActiveCfg = Release|x64
		{CC2E372F-B0A6-46A4-9A93-EA65C62F0FBE}.Release|x64.Build.0 = Release|x64
		{CC2E372F-B0A6-46A4-9A93-EA65C62F0FBE}.Release|x86.ActiveCfg = Release|Win32
		{CC2E372F-B0A6-46A4-9A93-EA65C62F0FBE}.Release|x86.Build.0 = Release|Win32
		{C8C6D82B-9F60-45E1-A7B8-526298A0D582}.Debug|x64.ActiveCfg = Debug|x64
		{C8C6D82B-9F60-45E1-A7B8-526298A0D582}.Debug|x64.Build.0 = Debug|x64
		{C8C6D82B-9F60-45E1-A7B8-526298A0D582}.Debug|x86.ActiveCfg = Debug|Win32
		{C8C6D82B-9F60-45E1-A7B8-526298A0D582}.Debug|x86.Build.0 = Debug|Win32
		{C8C6D82B-9F60-45E1-A7B8-526298A0D582}.Release|x64.ActiveCfg = Release|x64
		{C8C6D82B-9F60-45E1-A7B8-526298A0D582}.Release|x64.Build.0 = Release|x64
		{C8C6D82B-9F60-45E1-A7B8-526298A0D582}.Release|x86.ActiveCfg = Release|Win32
		{C8C6D82B-9F60-45E1-A7B8-526298A0D582}.Release|x86.Build.0 = Release|Win32
		{472F07E5-93E4-426B-8464-B983F3FDBB1E}.Debug|x64.ActiveCfg = Debug|x64
		{472F07E5-93E4-426B-8464-B983F3FDBB1E}.Debug|x64.Build.0 = Debug|x64
		{472F07E5-93E4-426B-8464-B983F3FDBB1E}.Debug|x86.ActiveCfg = Debug|Win32
		{472F07E5-93E4-426B-8464-B983F3FDBB1E}.Debug|x86.Build.0 = Debug|Win32
		{472F07E5-93E4-426B-8464-B983F3FDBB1E}.Release|x64.ActiveCfg = Release|x64
		{472F07E5-93E4-426B-8464-B983F3FDBB1E}.Release|x64.Build.0 = Release|x64
		{472F07E5-93E4-426B-8464-B983F3FDBB1E}.Release|x86.ActiveCfg = Release|Win32
		{472F07E5-93E4-426B-8464-B983F3FDBB1E}.Release|x86.Build.0 = Release|Win32
		{63620503-A8B3-42D4-962F-FBA1C99178E1}.Debug|x64.ActiveCfg = Debug|x64
		{63620503-A8B3-42D4-962F-FBA1C99178E1}.Debug|x64.Build.0 = Debug|x64
		{63620503-A8B3-42D4-962F-FBA1C99178E1}.Debug|x86.ActiveCfg = Debug|Win32
		{63620503-A8B3-42D4-962F-FBA1C99178E1}.Debug|x86.Build.0 = Debug|Win32
		{63620503-A8B3-42D4-962F-FBA1C99178E1}.Release|x64.ActiveCfg = Release|x64
		{63620503-A8B3-42D4-962F-FBA1C99178E1}.Release|x64.Build.0 = Release|x64
		{63620503-A8B3-42D4-962F-FBA1C99178E1}.Release|x86.ActiveCfg = Release|Win32
		{63620503-A8B3-42D4-962F-FBA1C99178E1}.Release|x86.Build.0 = Release|Win32
	EndGlobalSection
	GlobalSection(SolutionProperties) = preSolution
		HideSolutionNode = FALSE
	EndGlobalSection
	GlobalSection(ExtensibilityGlobals) = postSolution
		SolutionGuid = {F38DADC3-414F-441C-A7A7-F113ACE43CF6}
	EndGlobalSection
EndGlobal
