
Microsoft Visual Studio Solution File, Format Version 12.00
# Visual Studio Version 17
VisualStudioVersion = 17.14.36310.24 d17.14
MinimumVisualStudioVersion = 10.0.40219.1
Project("{8BC9CEB8-8B4A-11D0-8D11-00A0C91BC942}") = "Branch", "Branch\Branch.vcxproj", "{64307EB5-D246-46A8-81F4-351CC7B56CAD}"
EndProject
Global
	GlobalSection(SolutionConfigurationPlatforms) = preSolution
		Debug|x64 = Debug|x64
		Debug|x86 = Debug|x86
		Release|x64 = Release|x64
		Release|x86 = Release|x86
	EndGlobalSection
	GlobalSection(ProjectConfigurationPlatforms) = postSolution
		{64307EB5-D246-46A8-81F4-351CC7B56CAD}.Debug|x64.ActiveCfg = Debug|x64
		{64307EB5-D246-46A8-81F4-351CC7B56CAD}.Debug|x64.Build.0 = Debug|x64
		{64307EB5-D246-46A8-81F4-351CC7B56CAD}.Debug|x86.ActiveCfg = Debug|Win32
		{64307EB5-D246-46A8-81F4-351CC7B56CAD}.Debug|x86.Build.0 = Debug|Win32
		{64307EB5-D246-46A8-81F4-351CC7B56CAD}.Release|x64.ActiveCfg = Release|x64
		{64307EB5-D246-46A8-81F4-351CC7B56CAD}.Release|x64.Build.0 = Release|x64
		{64307EB5-D246-46A8-81F4-351CC7B56CAD}.Release|x86.ActiveCfg = Release|Win32
		{64307EB5-D246-46A8-81F4-351CC7B56CAD}.Release|x86.Build.0 = Release|Win32
	EndGlobalSection
	GlobalSection(SolutionProperties) = preSolution
		HideSolutionNode = FALSE
	EndGlobalSection
	GlobalSection(ExtensibilityGlobals) = postSolution
		SolutionGuid = {11669266-2D34-4557-9EF7-ED0A3EF11267}
	EndGlobalSection
EndGlobal
